
Microsoft Visual Studio Solution File, Format Version 12.00
# Visual Studio 2012
Project("{8BC9CEB8-8B4A-11D0-8D11-00A0C91BC942}") = "GenericType", "GenericType.vcxproj", "{59195B22-E2F4-4B51-9F35-861463EDA071}"
EndProject
Global
	GlobalSection(SolutionConfigurationPlatforms) = preSolution
		Debug|Win32 = Debug|Win32
		Release|Win32 = Release|Win32
	EndGlobalSection
	GlobalSection(ProjectConfigurationPlatforms) = postSolution
		{59195B22-E2F4-4B51-9F35-861463EDA071}.Debug|Win32.ActiveCfg = Debug|Win32
		{59195B22-E2F4-4B51-9F35-861463EDA071}.Debug|Win32.Build.0 = Debug|Win32
		{59195B22-E2F4-4B51-9F35-861463EDA071}.Release|Win32.ActiveCfg = Release|Win32
		{59195B22-E2F4-4B51-9F35-861463EDA071}.Release|Win32.Build.0 = Release|Win32
	EndGlobalSection
	GlobalSection(SolutionProperties) = preSolution
		HideSolutionNode = FALSE
	EndGlobalSection
EndGlobal
